
Microsoft Visual Studio Solution File, Format Version 12.00
# Visual Studio Version 17
VisualStudioVersion = 17.5.33530.505
MinimumVisualStudioVersion = 10.0.40219.1
Project("{FAE04EC0-301F-11D3-BF4B-00C04F79EFBC}") = "CursedForms", "CursedForms\CursedForms.csproj", "{87D29C77-1AD8-4C70-A10D-F394238631DA}"
EndProject
Global
	GlobalSection(SolutionConfigurationPlatforms) = preSolution
		Debug|Any CPU = Debug|Any CPU
		Release|Any CPU = Release|Any CPU
	EndGlobalSection
	GlobalSection(ProjectConfigurationPlatforms) = postSolution
		{87D29C77-1AD8-4C70-A10D-F394238631DA}.Debug|Any CPU.ActiveCfg = Debug|Any CPU
		{87D29C77-1AD8-4C70-A10D-F394238631DA}.Debug|Any CPU.Build.0 = Debug|Any CPU
		{87D29C77-1AD8-4C70-A10D-F394238631DA}.Release|Any CPU.ActiveCfg = Release|Any CPU
		{87D29C77-1AD8-4C70-A10D-F394238631DA}.Release|Any CPU.Build.0 = Release|Any CPU
	EndGlobalSection
	GlobalSection(SolutionProperties) = preSolution
		HideSolutionNode = FALSE
	EndGlobalSection
	GlobalSection(ExtensibilityGlobals) = postSolution
		SolutionGuid = {089BAC3D-EACB-4AF6-915A-ABB9E484CBE7}
	EndGlobalSection
EndGlobal
